
Microsoft Visual Studio Solution File, Format Version 12.00
# Visual Studio Version 17
VisualStudioVersion = 17.10.35013.160
MinimumVisualStudioVersion = 10.0.40219.1
Project("{FAE04EC0-301F-11D3-BF4B-00C04F79EFBC}") = "cs-abs-enc-sprint", "cs-abs-enc-sprint\cs-abs-enc-sprint.csproj", "{99F2D130-441D-4753-BA57-31FBB3FA411B}"
EndProject
Global
	GlobalSection(SolutionConfigurationPlatforms) = preSolution
		Debug|Any CPU = Debug|Any CPU
		Release|Any CPU = Release|Any CPU
	EndGlobalSection
	GlobalSection(ProjectConfigurationPlatforms) = postSolution
		{99F2D130-441D-4753-BA57-31FBB3FA411B}.Debug|Any CPU.ActiveCfg = Debug|Any CPU
		{99F2D130-441D-4753-BA57-31FBB3FA411B}.Debug|Any CPU.Build.0 = Debug|Any CPU
		{99F2D130-441D-4753-BA57-31FBB3FA411B}.Release|Any CPU.ActiveCfg = Release|Any CPU
		{99F2D130-441D-4753-BA57-31FBB3FA411B}.Release|Any CPU.Build.0 = Release|Any CPU
	EndGlobalSection
	GlobalSection(SolutionProperties) = preSolution
		HideSolutionNode = FALSE
	EndGlobalSection
	GlobalSection(ExtensibilityGlobals) = postSolution
		SolutionGuid = {FA5B2D1C-B927-42A4-8AFE-851D494D0C1E}
	EndGlobalSection
EndGlobal
