
Microsoft Visual Studio Solution File, Format Version 12.00
# Visual Studio Version 17
VisualStudioVersion = 17.10.35013.160
MinimumVisualStudioVersion = 10.0.40219.1
Project("{FAE04EC0-301F-11D3-BF4B-00C04F79EFBC}") = "cs-encapsulation", "cs-encapsulation\cs-encapsulation.csproj", "{0BCAAD6A-C490-4EED-854B-25214C419BD2}"
EndProject
Project("{FAE04EC0-301F-11D3-BF4B-00C04F79EFBC}") = "cs-abstraction", "cs-abstraction\cs-abstraction.csproj", "{707C6C12-A94F-49E0-896A-B78CD1D6B7BD}"
EndProject
Global
	GlobalSection(SolutionConfigurationPlatforms) = preSolution
		Debug|Any CPU = Debug|Any CPU
		Release|Any CPU = Release|Any CPU
	EndGlobalSection
	GlobalSection(ProjectConfigurationPlatforms) = postSolution
		{0BCAAD6A-C490-4EED-854B-25214C419BD2}.Debug|Any CPU.ActiveCfg = Debug|Any CPU
		{0BCAAD6A-C490-4EED-854B-25214C419BD2}.Debug|Any CPU.Build.0 = Debug|Any CPU
		{0BCAAD6A-C490-4EED-854B-25214C419BD2}.Release|Any CPU.ActiveCfg = Release|Any CPU
		{0BCAAD6A-C490-4EED-854B-25214C419BD2}.Release|Any CPU.Build.0 = Release|Any CPU
		{707C6C12-A94F-49E0-896A-B78CD1D6B7BD}.Debug|Any CPU.ActiveCfg = Debug|Any CPU
		{707C6C12-A94F-49E0-896A-B78CD1D6B7BD}.Debug|Any CPU.Build.0 = Debug|Any CPU
		{707C6C12-A94F-49E0-896A-B78CD1D6B7BD}.Release|Any CPU.ActiveCfg = Release|Any CPU
		{707C6C12-A94F-49E0-896A-B78CD1D6B7BD}.Release|Any CPU.Build.0 = Release|Any CPU
	EndGlobalSection
	GlobalSection(SolutionProperties) = preSolution
		HideSolutionNode = FALSE
	EndGlobalSection
	GlobalSection(ExtensibilityGlobals) = postSolution
		SolutionGuid = {FA5B2D1C-B927-42A4-8AFE-851D494D0C1E}
	EndGlobalSection
EndGlobal
